
Microsoft Visual Studio Solution File, Format Version 12.00
# Visual Studio Version 17
VisualStudioVersion = 17.14.36414.22
MinimumVisualStudioVersion = 10.0.40219.1
Project("{2150E333-8FDC-42A3-9474-1A3956D46DE8}") = "Task0", "Task0", "{36D591C7-65C7-A0D1-1CBC-10CDE441BDC8}"
EndProject
Project("{FAE04EC0-301F-11D3-BF4B-00C04F79EFBC}") = "Tyuiu.YarkovSD.Sprint1.Task0.V19", "Tyuiu.YarkovSD.Sprint1.Task0.V19\Tyuiu.YarkovSD.Sprint1.Task0.V19.csproj", "{AB9A51BA-7CB6-4325-A824-AB25AF5EA83D}"
EndProject
Project("{FAE04EC0-301F-11D3-BF4B-00C04F79EFBC}") = "Tyuiu.YarkovSD.Sprint1.Task0.V19.Lib", "Tyuiu.YarkovSD.Sprint1.Task0.V19.Lib\Tyuiu.YarkovSD.Sprint1.Task0.V19.Lib.csproj", "{3F26419C-BE0C-4C52-A58A-E100F594A10C}"
EndProject
Project("{FAE04EC0-301F-11D3-BF4B-00C04F79EFBC}") = "Tyuiu.YarkovSD.Sprint1.Task0.V19.Test", "Tyuiu.YarkovSD.Sprint1.Task0.V19.Test\Tyuiu.YarkovSD.Sprint1.Task0.V19.Test.csproj", "{A0913FB0-0333-49B2-B172-3E8A4B4D9861}"
EndProject
Project("{2150E333-8FDC-42A3-9474-1A3956D46DE8}") = "Task1", "Task1", "{59A36B0E-230F-4756-B36F-0F4F475490C8}"
EndProject
Project("{FAE04EC0-301F-11D3-BF4B-00C04F79EFBC}") = "Tyuiu.YarkovSD.Sprint1.Task1.V9.Test", "Tyuiu.YarkovSD.Sprint1.Task1.V9.Test\Tyuiu.YarkovSD.Sprint1.Task1.V9.Test.csproj", "{04E1DF44-1EE4-42C4-ACEC-760E89BC4110}"
EndProject
Project("{FAE04EC0-301F-11D3-BF4B-00C04F79EFBC}") = "Tyuiu.YarkovSD.Sprint1.Task1.V9.Lib", "Tyuiu.YarkovSD.Sprint1.Task1.V9.Lib\Tyuiu.YarkovSD.Sprint1.Task1.V9.Lib.csproj", "{6F9B86C8-6364-4420-A8D0-2A16BDF31736}"
EndProject
Project("{FAE04EC0-301F-11D3-BF4B-00C04F79EFBC}") = "Tyuiu.YarkovSD.Sprint1.Task1.V9", "Tyuiu.YarkovSD.Sprint1.Task1.V9\Tyuiu.YarkovSD.Sprint1.Task1.V9.csproj", "{49DF3C51-2E1E-41AB-BC12-8914991E3783}"
EndProject
Project("{2150E333-8FDC-42A3-9474-1A3956D46DE8}") = "Task2", "Task2", "{38B5242D-E2D3-41D7-B405-A40A6C0AADFB}"
EndProject
Project("{FAE04EC0-301F-11D3-BF4B-00C04F79EFBC}") = "Tyuiu.YarkovSD.Sprint1.Task2.V16", "Tyuiu.YarkovSD.Sprint1.Task2.V16\Tyuiu.YarkovSD.Sprint1.Task2.V16.csproj", "{FD74BF3A-AF32-4C8C-A82D-D98E2AC842C3}"
EndProject
Project("{FAE04EC0-301F-11D3-BF4B-00C04F79EFBC}") = "Tyuiu.YarkovSD.Sprint1.Task2.V16.Lib", "Tyuiu.YarkovSD.Sprint1.Task2.V16.Lib\Tyuiu.YarkovSD.Sprint1.Task2.V16.Lib.csproj", "{528F44C0-4A41-44A0-B16C-9C95C4F513E1}"
EndProject
Project("{FAE04EC0-301F-11D3-BF4B-00C04F79EFBC}") = "Tyuiu.YarkovSD.Sprint1.Task2.V16.Test", "Tyuiu.YarkovSD.Sprint1.Task2.V16.Test\Tyuiu.YarkovSD.Sprint1.Task2.V16.Test.csproj", "{35005C50-33F5-4368-9C5E-B33B68A035FF}"
EndProject
Project("{2150E333-8FDC-42A3-9474-1A3956D46DE8}") = "Task3", "Task3", "{BAB5EBBC-0738-42AB-847C-C8DD057D0F53}"
EndProject
Project("{FAE04EC0-301F-11D3-BF4B-00C04F79EFBC}") = "Tyuiu.YarkovSD.Sprint1.Task3.V14", "Tyuiu.YarkovSD.Sprint1.Task3.V14\Tyuiu.YarkovSD.Sprint1.Task3.V14.csproj", "{B06B1456-3CCB-4369-9FF6-9A83752B65C1}"
EndProject
Project("{FAE04EC0-301F-11D3-BF4B-00C04F79EFBC}") = "Tyuiu.YarkovSD.Sprint1.Task3.V14.Lib", "Tyuiu.YarkovSD.Sprint1.Task3.V14.Lib\Tyuiu.YarkovSD.Sprint1.Task3.V14.Lib.csproj", "{6BD769ED-CE2E-4C32-8EAE-92B8DF2006CA}"
EndProject
Project("{FAE04EC0-301F-11D3-BF4B-00C04F79EFBC}") = "Tyuiu.YarkovSD.Sprint1.Task3.V14.Test", "Tyuiu.YarkovSD.Sprint1.Task3.V14.Test\Tyuiu.YarkovSD.Sprint1.Task3.V14.Test.csproj", "{63E086B6-5844-4A1B-A4DC-42799780E603}"
EndProject
Project("{2150E333-8FDC-42A3-9474-1A3956D46DE8}") = "Task4", "Task4", "{236EA310-FADB-4573-83B6-CF3087962333}"
EndProject
Project("{FAE04EC0-301F-11D3-BF4B-00C04F79EFBC}") = "Tyuiu.YarkovSD.Sprint1.Task4.V10", "Tyuiu.YarkovSD.Sprint1.Task4.V10\Tyuiu.YarkovSD.Sprint1.Task4.V10.csproj", "{929D2A46-122E-46C0-9AFC-642E1A30201C}"
EndProject
Project("{FAE04EC0-301F-11D3-BF4B-00C04F79EFBC}") = "Tyuiu.YarkovSD.Sprint1.Task4.V10.Lib", "Tyuiu.YarkovSD.Sprint1.Task4.V10.Lib\Tyuiu.YarkovSD.Sprint1.Task4.V10.Lib.csproj", "{EF86C322-ACAB-4C34-9E13-2F24DD816593}"
EndProject
Project("{FAE04EC0-301F-11D3-BF4B-00C04F79EFBC}") = "Tyuiu.YarkovSD.Sprint1.Task4.V10.Test", "Tyuiu.YarkovSD.Sprint1.Task4.V10.Test\Tyuiu.YarkovSD.Sprint1.Task4.V10.Test.csproj", "{0339827A-8AB6-4E7F-AC77-46112829C627}"
EndProject
Project("{2150E333-8FDC-42A3-9474-1A3956D46DE8}") = "Task5", "Task5", "{7B1F1F14-DA60-4DBB-B48C-296605DF735A}"
EndProject
Project("{FAE04EC0-301F-11D3-BF4B-00C04F79EFBC}") = "Tyuiu.YarkovSD.Sprint1.Task5.V6", "Tyuiu.YarkovSD.Sprint1.Task5.V6\Tyuiu.YarkovSD.Sprint1.Task5.V6.csproj", "{76A15B29-8AAB-4EE0-B400-E2AFE3D8F3FC}"
EndProject
Project("{FAE04EC0-301F-11D3-BF4B-00C04F79EFBC}") = "Tyuiu.YarkovSD.Sprint1.Task5.V6.Lib", "Tyuiu.YarkovSD.Sprint1.Task5.V6.Lib\Tyuiu.YarkovSD.Sprint1.Task5.V6.Lib.csproj", "{54ACC095-1541-4B62-A644-4EA0113179D7}"
EndProject
Project("{FAE04EC0-301F-11D3-BF4B-00C04F79EFBC}") = "Tyuiu.YarkovSD.Sprint1.Task5.V6.Test", "Tyuiu.YarkovSD.Sprint1.Task5.V6.Test\Tyuiu.YarkovSD.Sprint1.Task5.V6.Test.csproj", "{E0BD945A-8992-4186-AFB9-6F8D6CED39C3}"
EndProject
Project("{2150E333-8FDC-42A3-9474-1A3956D46DE8}") = "Task6", "Task6", "{69D8FDA3-E664-4C5F-9BD1-B7AA31DB7A15}"
EndProject
Project("{FAE04EC0-301F-11D3-BF4B-00C04F79EFBC}") = "Tyuiu.YarkovSD.Sprint1.Task6.V2", "Tyuiu.YarkovSD.Sprint1.Task6.V2\Tyuiu.YarkovSD.Sprint1.Task6.V2.csproj", "{A222574D-A1D9-4823-9BCC-82D13A78133C}"
EndProject
Project("{FAE04EC0-301F-11D3-BF4B-00C04F79EFBC}") = "Tyuiu.YarkovSD.Sprint1.Task6.V2.Lib", "Tyuiu.YarkovSD.Sprint1.Task6.V2.Lib\Tyuiu.YarkovSD.Sprint1.Task6.V2.Lib.csproj", "{0D25F132-7766-4EA5-809F-761B7F27C9BD}"
EndProject
Project("{FAE04EC0-301F-11D3-BF4B-00C04F79EFBC}") = "Tyuiu.YarkovSD.Sprint1.Task6.V2.Test", "Tyuiu.YarkovSD.Sprint1.Task6.V2.Test\Tyuiu.YarkovSD.Sprint1.Task6.V2.Test.csproj", "{57893601-5638-4CBE-A26E-CDC5F3CAC9FF}"
EndProject
Global
	GlobalSection(SolutionConfigurationPlatforms) = preSolution
		Debug|Any CPU = Debug|Any CPU
		Release|Any CPU = Release|Any CPU
	EndGlobalSection
	GlobalSection(ProjectConfigurationPlatforms) = postSolution
		{AB9A51BA-7CB6-4325-A824-AB25AF5EA83D}.Debug|Any CPU.ActiveCfg = Debug|Any CPU
		{AB9A51BA-7CB6-4325-A824-AB25AF5EA83D}.Debug|Any CPU.Build.0 = Debug|Any CPU
		{AB9A51BA-7CB6-4325-A824-AB25AF5EA83D}.Release|Any CPU.ActiveCfg = Release|Any CPU
		{AB9A51BA-7CB6-4325-A824-AB25AF5EA83D}.Release|Any CPU.Build.0 = Release|Any CPU
		{3F26419C-BE0C-4C52-A58A-E100F594A10C}.Debug|Any CPU.ActiveCfg = Debug|Any CPU
		{3F26419C-BE0C-4C52-A58A-E100F594A10C}.Debug|Any CPU.Build.0 = Debug|Any CPU
		{3F26419C-BE0C-4C52-A58A-E100F594A10C}.Release|Any CPU.ActiveCfg = Release|Any CPU
		{3F26419C-BE0C-4C52-A58A-E100F594A10C}.Release|Any CPU.Build.0 = Release|Any CPU
		{A0913FB0-0333-49B2-B172-3E8A4B4D9861}.Debug|Any CPU.ActiveCfg = Debug|Any CPU
		{A0913FB0-0333-49B2-B172-3E8A4B4D9861}.Debug|Any CPU.Build.0 = Debug|Any CPU
		{A0913FB0-0333-49B2-B172-3E8A4B4D9861}.Release|Any CPU.ActiveCfg = Release|Any CPU
		{A0913FB0-0333-49B2-B172-3E8A4B4D9861}.Release|Any CPU.Build.0 = Release|Any CPU
		{04E1DF44-1EE4-42C4-ACEC-760E89BC4110}.Debug|Any CPU.ActiveCfg = Debug|Any CPU
		{04E1DF44-1EE4-42C4-ACEC-760E89BC4110}.Debug|Any CPU.Build.0 = Debug|Any CPU
		{04E1DF44-1EE4-42C4-ACEC-760E89BC4110}.Release|Any CPU.ActiveCfg = Release|Any CPU
		{04E1DF44-1EE4-42C4-ACEC-760E89BC4110}.Release|Any CPU.Build.0 = Release|Any CPU
		{6F9B86C8-6364-4420-A8D0-2A16BDF31736}.Debug|Any CPU.ActiveCfg = Debug|Any CPU
		{6F9B86C8-6364-4420-A8D0-2A16BDF31736}.Debug|Any CPU.Build.0 = Debug|Any CPU
		{6F9B86C8-6364-4420-A8D0-2A16BDF31736}.Release|Any CPU.ActiveCfg = Release|Any CPU
		{6F9B86C8-6364-4420-A8D0-2A16BDF31736}.Release|Any CPU.Build.0 = Release|Any CPU
		{49DF3C51-2E1E-41AB-BC12-8914991E3783}.Debug|Any CPU.ActiveCfg = Debug|Any CPU
		{49DF3C51-2E1E-41AB-BC12-8914991E3783}.Debug|Any CPU.Build.0 = Debug|Any CPU
		{49DF3C51-2E1E-41AB-BC12-8914991E3783}.Release|Any CPU.ActiveCfg = Release|Any CPU
		{49DF3C51-2E1E-41AB-BC12-8914991E3783}.Release|Any CPU.Build.0 = Release|Any CPU
		{FD74BF3A-AF32-4C8C-A82D-D98E2AC842C3}.Debug|Any CPU.ActiveCfg = Debug|Any CPU
		{FD74BF3A-AF32-4C8C-A82D-D98E2AC842C3}.Debug|Any CPU.Build.0 = Debug|Any CPU
		{FD74BF3A-AF32-4C8C-A82D-D98E2AC842C3}.Release|Any CPU.ActiveCfg = Release|Any CPU
		{FD74BF3A-AF32-4C8C-A82D-D98E2AC842C3}.Release|Any CPU.Build.0 = Release|Any CPU
		{528F44C0-4A41-44A0-B16C-9C95C4F513E1}.Debug|Any CPU.ActiveCfg = Debug|Any CPU
		{528F44C0-4A41-44A0-B16C-9C95C4F513E1}.Debug|Any CPU.Build.0 = Debug|Any CPU
		{528F44C0-4A41-44A0-B16C-9C95C4F513E1}.Release|Any CPU.ActiveCfg = Release|Any CPU
		{528F44C0-4A41-44A0-B16C-9C95C4F513E1}.Release|Any CPU.Build.0 = Release|Any CPU
		{35005C50-33F5-4368-9C5E-B33B68A035FF}.Debug|Any CPU.ActiveCfg = Debug|Any CPU
		{35005C50-33F5-4368-9C5E-B33B68A035FF}.Debug|Any CPU.Build.0 = Debug|Any CPU
		{35005C50-33F5-4368-9C5E-B33B68A035FF}.Release|Any CPU.ActiveCfg = Release|Any CPU
		{35005C50-33F5-4368-9C5E-B33B68A035FF}.Release|Any CPU.Build.0 = Release|Any CPU
		{B06B1456-3CCB-4369-9FF6-9A83752B65C1}.Debug|Any CPU.ActiveCfg = Debug|Any CPU
		{B06B1456-3CCB-4369-9FF6-9A83752B65C1}.Debug|Any CPU.Build.0 = Debug|Any CPU
		{B06B1456-3CCB-4369-9FF6-9A83752B65C1}.Release|Any CPU.ActiveCfg = Release|Any CPU
		{B06B1456-3CCB-4369-9FF6-9A83752B65C1}.Release|Any CPU.Build.0 = Release|Any CPU
		{6BD769ED-CE2E-4C32-8EAE-92B8DF2006CA}.Debug|Any CPU.ActiveCfg = Debug|Any CPU
		{6BD769ED-CE2E-4C32-8EAE-92B8DF2006CA}.Debug|Any CPU.Build.0 = Debug|Any CPU
		{6BD769ED-CE2E-4C32-8EAE-92B8DF2006CA}.Release|Any CPU.ActiveCfg = Release|Any CPU
		{6BD769ED-CE2E-4C32-8EAE-92B8DF2006CA}.Release|Any CPU.Build.0 = Release|Any CPU
		{63E086B6-5844-4A1B-A4DC-42799780E603}.Debug|Any CPU.ActiveCfg = Debug|Any CPU
		{63E086B6-5844-4A1B-A4DC-42799780E603}.Debug|Any CPU.Build.0 = Debug|Any CPU
		{63E086B6-5844-4A1B-A4DC-42799780E603}.Release|Any CPU.ActiveCfg = Release|Any CPU
		{63E086B6-5844-4A1B-A4DC-42799780E603}.Release|Any CPU.Build.0 = Release|Any CPU
		{929D2A46-122E-46C0-9AFC-642E1A30201C}.Debug|Any CPU.ActiveCfg = Debug|Any CPU
		{929D2A46-122E-46C0-9AFC-642E1A30201C}.Debug|Any CPU.Build.0 = Debug|Any CPU
		{929D2A46-122E-46C0-9AFC-642E1A30201C}.Release|Any CPU.ActiveCfg = Release|Any CPU
		{929D2A46-122E-46C0-9AFC-642E1A30201C}.Release|Any CPU.Build.0 = Release|Any CPU
		{EF86C322-ACAB-4C34-9E13-2F24DD816593}.Debug|Any CPU.ActiveCfg = Debug|Any CPU
		{EF86C322-ACAB-4C34-9E13-2F24DD816593}.Debug|Any CPU.Build.0 = Debug|Any CPU
		{EF86C322-ACAB-4C34-9E13-2F24DD816593}.Release|Any CPU.ActiveCfg = Release|Any CPU
		{EF86C322-ACAB-4C34-9E13-2F24DD816593}.Release|Any CPU.Build.0 = Release|Any CPU
		{0339827A-8AB6-4E7F-AC77-46112829C627}.Debug|Any CPU.ActiveCfg = Debug|Any CPU
		{0339827A-8AB6-4E7F-AC77-46112829C627}.Debug|Any CPU.Build.0 = Debug|Any CPU
		{0339827A-8AB6-4E7F-AC77-46112829C627}.Release|Any CPU.ActiveCfg = Release|Any CPU
		{0339827A-8AB6-4E7F-AC77-46112829C627}.Release|Any CPU.Build.0 = Release|Any CPU
		{76A15B29-8AAB-4EE0-B400-E2AFE3D8F3FC}.Debug|Any CPU.ActiveCfg = Debug|Any CPU
		{76A15B29-8AAB-4EE0-B400-E2AFE3D8F3FC}.Debug|Any CPU.Build.0 = Debug|Any CPU
		{76A15B29-8AAB-4EE0-B400-E2AFE3D8F3FC}.Release|Any CPU.ActiveCfg = Release|Any CPU
		{76A15B29-8AAB-4EE0-B400-E2AFE3D8F3FC}.Release|Any CPU.Build.0 = Release|Any CPU
		{54ACC095-1541-4B62-A644-4EA0113179D7}.Debug|Any CPU.ActiveCfg = Debug|Any CPU
		{54ACC095-1541-4B62-A644-4EA0113179D7}.Debug|Any CPU.Build.0 = Debug|Any CPU
		{54ACC095-1541-4B62-A644-4EA0113179D7}.Release|Any CPU.ActiveCfg = Release|Any CPU
		{54ACC095-1541-4B62-A644-4EA0113179D7}.Release|Any CPU.Build.0 = Release|Any CPU
		{E0BD945A-8992-4186-AFB9-6F8D6CED39C3}.Debug|Any CPU.ActiveCfg = Debug|Any CPU
		{E0BD945A-8992-4186-AFB9-6F8D6CED39C3}.Debug|Any CPU.Build.0 = Debug|Any CPU
		{E0BD945A-8992-4186-AFB9-6F8D6CED39C3}.Release|Any CPU.ActiveCfg = Release|Any CPU
		{E0BD945A-8992-4186-AFB9-6F8D6CED39C3}.Release|Any CPU.Build.0 = Release|Any CPU
		{A222574D-A1D9-4823-9BCC-82D13A78133C}.Debug|Any CPU.ActiveCfg = Debug|Any CPU
		{A222574D-A1D9-4823-9BCC-82D13A78133C}.Debug|Any CPU.Build.0 = Debug|Any CPU
		{A222574D-A1D9-4823-9BCC-82D13A78133C}.Release|Any CPU.ActiveCfg = Release|Any CPU
		{A222574D-A1D9-4823-9BCC-82D13A78133C}.Release|Any CPU.Build.0 = Release|Any CPU
		{0D25F132-7766-4EA5-809F-761B7F27C9BD}.Debug|Any CPU.ActiveCfg = Debug|Any CPU
		{0D25F132-7766-4EA5-809F-761B7F27C9BD}.Debug|Any CPU.Build.0 = Debug|Any CPU
		{0D25F132-7766-4EA5-809F-761B7F27C9BD}.Release|Any CPU.ActiveCfg = Release|Any CPU
		{0D25F132-7766-4EA5-809F-761B7F27C9BD}.Release|Any CPU.Build.0 = Release|Any CPU
		{57893601-5638-4CBE-A26E-CDC5F3CAC9FF}.Debug|Any CPU.ActiveCfg = Debug|Any CPU
		{57893601-5638-4CBE-A26E-CDC5F3CAC9FF}.Debug|Any CPU.Build.0 = Debug|Any CPU
		{57893601-5638-4CBE-A26E-CDC5F3CAC9FF}.Release|Any CPU.ActiveCfg = Release|Any CPU
		{57893601-5638-4CBE-A26E-CDC5F3CAC9FF}.Release|Any CPU.Build.0 = Release|Any CPU
	EndGlobalSection
	GlobalSection(SolutionProperties) = preSolution
		HideSolutionNode = FALSE
	EndGlobalSection
	GlobalSection(NestedProjects) = preSolution
		{AB9A51BA-7CB6-4325-A824-AB25AF5EA83D} = {36D591C7-65C7-A0D1-1CBC-10CDE441BDC8}
		{3F26419C-BE0C-4C52-A58A-E100F594A10C} = {36D591C7-65C7-A0D1-1CBC-10CDE441BDC8}
		{A0913FB0-0333-49B2-B172-3E8A4B4D9861} = {36D591C7-65C7-A0D1-1CBC-10CDE441BDC8}
		{04E1DF44-1EE4-42C4-ACEC-760E89BC4110} = {59A36B0E-230F-4756-B36F-0F4F475490C8}
		{6F9B86C8-6364-4420-A8D0-2A16BDF31736} = {59A36B0E-230F-4756-B36F-0F4F475490C8}
		{49DF3C51-2E1E-41AB-BC12-8914991E3783} = {59A36B0E-230F-4756-B36F-0F4F475490C8}
		{FD74BF3A-AF32-4C8C-A82D-D98E2AC842C3} = {38B5242D-E2D3-41D7-B405-A40A6C0AADFB}
		{528F44C0-4A41-44A0-B16C-9C95C4F513E1} = {38B5242D-E2D3-41D7-B405-A40A6C0AADFB}
		{35005C50-33F5-4368-9C5E-B33B68A035FF} = {38B5242D-E2D3-41D7-B405-A40A6C0AADFB}
		{B06B1456-3CCB-4369-9FF6-9A83752B65C1} = {BAB5EBBC-0738-42AB-847C-C8DD057D0F53}
		{6BD769ED-CE2E-4C32-8EAE-92B8DF2006CA} = {BAB5EBBC-0738-42AB-847C-C8DD057D0F53}
		{63E086B6-5844-4A1B-A4DC-42799780E603} = {BAB5EBBC-0738-42AB-847C-C8DD057D0F53}
		{929D2A46-122E-46C0-9AFC-642E1A30201C} = {236EA310-FADB-4573-83B6-CF3087962333}
		{EF86C322-ACAB-4C34-9E13-2F24DD816593} = {236EA310-FADB-4573-83B6-CF3087962333}
		{0339827A-8AB6-4E7F-AC77-46112829C627} = {236EA310-FADB-4573-83B6-CF3087962333}
		{76A15B29-8AAB-4EE0-B400-E2AFE3D8F3FC} = {7B1F1F14-DA60-4DBB-B48C-296605DF735A}
		{54ACC095-1541-4B62-A644-4EA0113179D7} = {7B1F1F14-DA60-4DBB-B48C-296605DF735A}
		{E0BD945A-8992-4186-AFB9-6F8D6CED39C3} = {7B1F1F14-DA60-4DBB-B48C-296605DF735A}
		{A222574D-A1D9-4823-9BCC-82D13A78133C} = {69D8FDA3-E664-4C5F-9BD1-B7AA31DB7A15}
		{0D25F132-7766-4EA5-809F-761B7F27C9BD} = {69D8FDA3-E664-4C5F-9BD1-B7AA31DB7A15}
		{57893601-5638-4CBE-A26E-CDC5F3CAC9FF} = {69D8FDA3-E664-4C5F-9BD1-B7AA31DB7A15}
	EndGlobalSection
	GlobalSection(ExtensibilityGlobals) = postSolution
		SolutionGuid = {310EA684-5F3E-4106-8920-839C89B840A3}
	EndGlobalSection
EndGlobal
